
Microsoft Visual Studio Solution File, Format Version 12.00
# Visual Studio Version 17
VisualStudioVersion = 17.6.33829.357
MinimumVisualStudioVersion = 10.0.40219.1
Project("{FAE04EC0-301F-11D3-BF4B-00C04F79EFBC}") = "TestProject", "TestProject\TestProject.csproj", "{CA1B26E2-4466-40CC-90A6-0CB68EA282EF}"
EndProject
Global
	GlobalSection(SolutionConfigurationPlatforms) = preSolution
		Debug|Any CPU = Debug|Any CPU
		Release|Any CPU = Release|Any CPU
	EndGlobalSection
	GlobalSection(ProjectConfigurationPlatforms) = postSolution
		{CA1B26E2-4466-40CC-90A6-0CB68EA282EF}.Debug|Any CPU.ActiveCfg = Debug|Any CPU
		{CA1B26E2-4466-40CC-90A6-0CB68EA282EF}.Debug|Any CPU.Build.0 = Debug|Any CPU
		{CA1B26E2-4466-40CC-90A6-0CB68EA282EF}.Release|Any CPU.ActiveCfg = Release|Any CPU
		{CA1B26E2-4466-40CC-90A6-0CB68EA282EF}.Release|Any CPU.Build.0 = Release|Any CPU
	EndGlobalSection
	GlobalSection(SolutionProperties) = preSolution
		HideSolutionNode = FALSE
	EndGlobalSection
	GlobalSection(ExtensibilityGlobals) = postSolution
		SolutionGuid = {20EDD419-6E96-440C-915A-78EEF2F52B9C}
	EndGlobalSection
EndGlobal
